
Microsoft Visual Studio Solution File, Format Version 12.00
# Visual Studio Version 17
VisualStudioVersion = 17.7.34202.233
MinimumVisualStudioVersion = 10.0.40219.1
Project("{9A19103F-16F7-4668-BE54-9A1E7A4F7556}") = "MichaelHall.AdventureGame.WinHost", "MichaelHall.AdventureGame.WinHost\MichaelHall.AdventureGame.WinHost.csproj", "{3B53494F-4ADA-464A-A42C-5F3E367E1F80}"
EndProject
Project("{9A19103F-16F7-4668-BE54-9A1E7A4F7556}") = "MichaelHall.AdventureGame", "MichaelHall.AdventureGame\MichaelHall.AdventureGame.csproj", "{D807330F-A47A-444A-BC05-BBAB5309739F}"
EndProject
Global
	GlobalSection(SolutionConfigurationPlatforms) = preSolution
		Debug|Any CPU = Debug|Any CPU
		Release|Any CPU = Release|Any CPU
	EndGlobalSection
	GlobalSection(ProjectConfigurationPlatforms) = postSolution
		{3B53494F-4ADA-464A-A42C-5F3E367E1F80}.Debug|Any CPU.ActiveCfg = Debug|Any CPU
		{3B53494F-4ADA-464A-A42C-5F3E367E1F80}.Debug|Any CPU.Build.0 = Debug|Any CPU
		{3B53494F-4ADA-464A-A42C-5F3E367E1F80}.Release|Any CPU.ActiveCfg = Release|Any CPU
		{3B53494F-4ADA-464A-A42C-5F3E367E1F80}.Release|Any CPU.Build.0 = Release|Any CPU
		{D807330F-A47A-444A-BC05-BBAB5309739F}.Debug|Any CPU.ActiveCfg = Debug|Any CPU
		{D807330F-A47A-444A-BC05-BBAB5309739F}.Debug|Any CPU.Build.0 = Debug|Any CPU
		{D807330F-A47A-444A-BC05-BBAB5309739F}.Release|Any CPU.ActiveCfg = Release|Any CPU
		{D807330F-A47A-444A-BC05-BBAB5309739F}.Release|Any CPU.Build.0 = Release|Any CPU
	EndGlobalSection
	GlobalSection(SolutionProperties) = preSolution
		HideSolutionNode = FALSE
	EndGlobalSection
	GlobalSection(ExtensibilityGlobals) = postSolution
		SolutionGuid = {41DEE43A-1FDB-41F7-9A3B-15F6C5013EC4}
	EndGlobalSection
EndGlobal
